
Microsoft Visual Studio Solution File, Format Version 12.00
# Visual Studio 15
VisualStudioVersion = 15.0.28307.1401
MinimumVisualStudioVersion = 10.0.40219.1
Project("{8BC9CEB8-8B4A-11D0-8D11-00A0C91BC942}") = "Lab10_3", "Lab10_3\Lab10_3.vcxproj", "{5AC7DBD8-02A4-48E4-9648-5643BD7984AB}"
EndProject
Global
	GlobalSection(SolutionConfigurationPlatforms) = preSolution
		Debug|x64 = Debug|x64
		Debug|x86 = Debug|x86
		Release|x64 = Release|x64
		Release|x86 = Release|x86
	EndGlobalSection
	GlobalSection(ProjectConfigurationPlatforms) = postSolution
		{5AC7DBD8-02A4-48E4-9648-5643BD7984AB}.Debug|x64.ActiveCfg = Debug|x64
		{5AC7DBD8-02A4-48E4-9648-5643BD7984AB}.Debug|x64.Build.0 = Debug|x64
		{5AC7DBD8-02A4-48E4-9648-5643BD7984AB}.Debug|x86.ActiveCfg = Debug|Win32
		{5AC7DBD8-02A4-48E4-9648-5643BD7984AB}.Debug|x86.Build.0 = Debug|Win32
		{5AC7DBD8-02A4-48E4-9648-5643BD7984AB}.Release|x64.ActiveCfg = Release|x64
		{5AC7DBD8-02A4-48E4-9648-5643BD7984AB}.Release|x64.Build.0 = Release|x64
		{5AC7DBD8-02A4-48E4-9648-5643BD7984AB}.Release|x86.ActiveCfg = Release|Win32
		{5AC7DBD8-02A4-48E4-9648-5643BD7984AB}.Release|x86.Build.0 = Release|Win32
	EndGlobalSection
	GlobalSection(SolutionProperties) = preSolution
		HideSolutionNode = FALSE
	EndGlobalSection
	GlobalSection(ExtensibilityGlobals) = postSolution
		SolutionGuid = {CC36110D-8C74-4FD5-8500-6F30306CA9B0}
	EndGlobalSection
EndGlobal
